// !$*UTF8*$!
{
	archiveVersion = 1;
	classes = {
	};
	objectVersion = 50;
	objects = {

/* Begin PBXBuildFile section */
		A55CDE0927C884FD00AAE5A6 /* Response.swift in Sources */ = {isa = PBXBuildFile; fileRef = A55CDE0827C884FD00AAE5A6 /* Response.swift */; };
		A56904E727CEE0FA0018E55B /* VideoTableViewCell.swift in Sources */ = {isa = PBXBuildFile; fileRef = A56904E627CEE0FA0018E55B /* VideoTableViewCell.swift */; };
		A56904F127CEEE0F0018E55B /* CacheManager.swift in Sources */ = {isa = PBXBuildFile; fileRef = A56904F027CEEE0F0018E55B /* CacheManager.swift */; };
		A5694DA727D04169002C94B8 /* DetailViewController.swift in Sources */ = {isa = PBXBuildFile; fileRef = A5694DA627D04169002C94B8 /* DetailViewController.swift */; };
		A5694DAB27D04C82002C94B8 /* WebKit.framework in Frameworks */ = {isa = PBXBuildFile; fileRef = A5694DAA27D04C82002C94B8 /* WebKit.framework */; };
		A5694DAD27D04C8A002C94B8 /* WebKit.framework in Frameworks */ = {isa = PBXBuildFile; fileRef = A5694DAC27D04C8A002C94B8 /* WebKit.framework */; };
		A571917527B352C50013EAE1 /* constants.swift in Sources */ = {isa = PBXBuildFile; fileRef = A571917427B352C50013EAE1 /* constants.swift */; };
		A571917827B35AD50013EAE1 /* video.swift in Sources */ = {isa = PBXBuildFile; fileRef = A571917727B35AD50013EAE1 /* video.swift */; };
		A571917B27B35B640013EAE1 /* model.swift in Sources */ = {isa = PBXBuildFile; fileRef = A571917A27B35B640013EAE1 /* model.swift */; };
		A5D944DE27AA1AF00008BCA6 /* AppDelegate.swift in Sources */ = {isa = PBXBuildFile; fileRef = A5D944DD27AA1AF00008BCA6 /* AppDelegate.swift */; };
		A5D944E027AA1AF00008BCA6 /* SceneDelegate.swift in Sources */ = {isa = PBXBuildFile; fileRef = A5D944DF27AA1AF00008BCA6 /* SceneDelegate.swift */; };
		A5D944E227AA1AF00008BCA6 /* ViewController.swift in Sources */ = {isa = PBXBuildFile; fileRef = A5D944E127AA1AF00008BCA6 /* ViewController.swift */; };
		A5D944E527AA1AF00008BCA6 /* Main.storyboard in Resources */ = {isa = PBXBuildFile; fileRef = A5D944E327AA1AF00008BCA6 /* Main.storyboard */; };
		A5D944E727AA1AF40008BCA6 /* Assets.xcassets in Resources */ = {isa = PBXBuildFile; fileRef = A5D944E627AA1AF40008BCA6 /* Assets.xcassets */; };
		A5D944EA27AA1AF40008BCA6 /* LaunchScreen.storyboard in Resources */ = {isa = PBXBuildFile; fileRef = A5D944E827AA1AF40008BCA6 /* LaunchScreen.storyboard */; };
/* End PBXBuildFile section */

/* Begin PBXFileReference section */
		A55CDE0827C884FD00AAE5A6 /* Response.swift */ = {isa = PBXFileReference; lastKnownFileType = sourcecode.swift; path = Response.swift; sourceTree = "<group>"; };
		A56904E627CEE0FA0018E55B /* VideoTableViewCell.swift */ = {isa = PBXFileReference; lastKnownFileType = sourcecode.swift; path = VideoTableViewCell.swift; sourceTree = "<group>"; };
		A56904F027CEEE0F0018E55B /* CacheManager.swift */ = {isa = PBXFileReference; lastKnownFileType = sourcecode.swift; path = CacheManager.swift; sourceTree = "<group>"; };
		A5694DA627D04169002C94B8 /* DetailViewController.swift */ = {isa = PBXFileReference; lastKnownFileType = sourcecode.swift; path = DetailViewController.swift; sourceTree = "<group>"; };
		A5694DAA27D04C82002C94B8 /* WebKit.framework */ = {isa = PBXFileReference; lastKnownFileType = wrapper.framework; name = WebKit.framework; path = System/Library/Frameworks/WebKit.framework; sourceTree = SDKROOT; };
		A5694DAC27D04C8A002C94B8 /* WebKit.framework */ = {isa = PBXFileReference; lastKnownFileType = wrapper.framework; name = WebKit.framework; path = System/Library/PrivateFrameworks/WebKit.framework; sourceTree = SDKROOT; };
		A571917427B352C50013EAE1 /* constants.swift */ = {isa = PBXFileReference; lastKnownFileType = sourcecode.swift; path = constants.swift; sourceTree = "<group>"; };
		A571917727B35AD50013EAE1 /* video.swift */ = {isa = PBXFileReference; lastKnownFileType = sourcecode.swift; path = video.swift; sourceTree = "<group>"; };
		A571917A27B35B640013EAE1 /* model.swift */ = {isa = PBXFileReference; lastKnownFileType = sourcecode.swift; path = model.swift; sourceTree = "<group>"; };
		A5D944DA27AA1AF00008BCA6 /* youtube-oneDayBuild.app */ = {isa = PBXFileReference; explicitFileType = wrapper.application; includeInIndex = 0; path = "youtube-oneDayBuild.app"; sourceTree = BUILT_PRODUCTS_DIR; };
		A5D944DD27AA1AF00008BCA6 /* AppDelegate.swift */ = {isa = PBXFileReference; lastKnownFileType = sourcecode.swift; path = AppDelegate.swift; sourceTree = "<group>"; };
		A5D944DF27AA1AF00008BCA6 /* SceneDelegate.swift */ = {isa = PBXFileReference; lastKnownFileType = sourcecode.swift; path = SceneDelegate.swift; sourceTree = "<group>"; };
		A5D944E127AA1AF00008BCA6 /* ViewController.swift */ = {isa = PBXFileReference; lastKnownFileType = sourcecode.swift; path = ViewController.swift; sourceTree = "<group>"; };
		A5D944E427AA1AF00008BCA6 /* Base */ = {isa = PBXFileReference; lastKnownFileType = file.storyboard; name = Base; path = Base.lproj/Main.storyboard; sourceTree = "<group>"; };
		A5D944E627AA1AF40008BCA6 /* Assets.xcassets */ = {isa = PBXFileReference; lastKnownFileType = folder.assetcatalog; path = Assets.xcassets; sourceTree = "<group>"; };
		A5D944E927AA1AF40008BCA6 /* Base */ = {isa = PBXFileReference; lastKnownFileType = file.storyboard; name = Base; path = Base.lproj/LaunchScreen.storyboard; sourceTree = "<group>"; };
		A5D944EB27AA1AF40008BCA6 /* Info.plist */ = {isa = PBXFileReference; lastKnownFileType = text.plist.xml; path = Info.plist; sourceTree = "<group>"; };
/* End PBXFileReference section */

/* Begin PBXFrameworksBuildPhase section */
		A5D944D727AA1AF00008BCA6 /* Frameworks */ = {
			isa = PBXFrameworksBuildPhase;
			buildActionMask = 2147483647;
			files = (
				A5694DAD27D04C8A002C94B8 /* WebKit.framework in Frameworks */,
				A5694DAB27D04C82002C94B8 /* WebKit.framework in Frameworks */,
			);
			runOnlyForDeploymentPostprocessing = 0;
		};
/* End PBXFrameworksBuildPhase section */

/* Begin PBXGroup section */
		A56904E927CEE10F0018E55B /* View Controllers */ = {
			isa = PBXGroup;
			children = (
				A5D944E127AA1AF00008BCA6 /* ViewController.swift */,
				A5694DA627D04169002C94B8 /* DetailViewController.swift */,
			);
			path = "View Controllers";
			sourceTree = "<group>";
		};
		A56904EA27CEE12E0018E55B /* Views */ = {
			isa = PBXGroup;
			children = (
				A56904E627CEE0FA0018E55B /* VideoTableViewCell.swift */,
			);
			path = Views;
			sourceTree = "<group>";
		};
		A56904EB27CEE13A0018E55B /* Models */ = {
			isa = PBXGroup;
			children = (
				A571917727B35AD50013EAE1 /* video.swift */,
				A571917A27B35B640013EAE1 /* model.swift */,
				A55CDE0827C884FD00AAE5A6 /* Response.swift */,
			);
			path = Models;
			sourceTree = "<group>";
		};
		A56904EC27CEE1430018E55B /* Storyboards */ = {
			isa = PBXGroup;
			children = (
				A5D944E827AA1AF40008BCA6 /* LaunchScreen.storyboard */,
				A5D944E327AA1AF00008BCA6 /* Main.storyboard */,
			);
			path = Storyboards;
			sourceTree = "<group>";
		};
		A56904EE27CEE16C0018E55B /* Helpers */ = {
			isa = PBXGroup;
			children = (
				A571917427B352C50013EAE1 /* constants.swift */,
				A56904F027CEEE0F0018E55B /* CacheManager.swift */,
			);
			path = Helpers;
			sourceTree = "<group>";
		};
		A5694DA927D04C82002C94B8 /* Frameworks */ = {
			isa = PBXGroup;
			children = (
				A5694DAC27D04C8A002C94B8 /* WebKit.framework */,
				A5694DAA27D04C82002C94B8 /* WebKit.framework */,
			);
			name = Frameworks;
			sourceTree = "<group>";
		};
		A5D944D127AA1AF00008BCA6 = {
			isa = PBXGroup;
			children = (
				A5D944DC27AA1AF00008BCA6 /* youtube-oneDayBuild */,
				A5D944DB27AA1AF00008BCA6 /* Products */,
				A5694DA927D04C82002C94B8 /* Frameworks */,
			);
			sourceTree = "<group>";
		};
		A5D944DB27AA1AF00008BCA6 /* Products */ = {
			isa = PBXGroup;
			children = (
				A5D944DA27AA1AF00008BCA6 /* youtube-oneDayBuild.app */,
			);
			name = Products;
			sourceTree = "<group>";
		};
		A5D944DC27AA1AF00008BCA6 /* youtube-oneDayBuild */ = {
			isa = PBXGroup;
			children = (
				A5D944DD27AA1AF00008BCA6 /* AppDelegate.swift */,
				A5D944DF27AA1AF00008BCA6 /* SceneDelegate.swift */,
				A56904EE27CEE16C0018E55B /* Helpers */,
				A56904EC27CEE1430018E55B /* Storyboards */,
				A56904EB27CEE13A0018E55B /* Models */,
				A56904EA27CEE12E0018E55B /* Views */,
				A56904E927CEE10F0018E55B /* View Controllers */,
				A5D944E627AA1AF40008BCA6 /* Assets.xcassets */,
				A5D944EB27AA1AF40008BCA6 /* Info.plist */,
			);
			path = "youtube-oneDayBuild";
			sourceTree = "<group>";
		};
/* End PBXGroup section */

/* Begin PBXNativeTarget section */
		A5D944D927AA1AF00008BCA6 /* youtube-oneDayBuild */ = {
			isa = PBXNativeTarget;
			buildConfigurationList = A5D944EE27AA1AF40008BCA6 /* Build configuration list for PBXNativeTarget "youtube-oneDayBuild" */;
			buildPhases = (
				A5D944D627AA1AF00008BCA6 /* Sources */,
				A5D944D727AA1AF00008BCA6 /* Frameworks */,
				A5D944D827AA1AF00008BCA6 /* Resources */,
			);
			buildRules = (
			);
			dependencies = (
			);
			name = "youtube-oneDayBuild";
			productName = "youtube-oneDayBuild";
			productReference = A5D944DA27AA1AF00008BCA6 /* youtube-oneDayBuild.app */;
			productType = "com.apple.product-type.application";
		};
/* End PBXNativeTarget section */

/* Begin PBXProject section */
		A5D944D227AA1AF00008BCA6 /* Project object */ = {
			isa = PBXProject;
			attributes = {
				LastSwiftUpdateCheck = 1200;
				LastUpgradeCheck = 1200;
				TargetAttributes = {
					A5D944D927AA1AF00008BCA6 = {
						CreatedOnToolsVersion = 12.0;
					};
				};
			};
			buildConfigurationList = A5D944D527AA1AF00008BCA6 /* Build configuration list for PBXProject "youtube-oneDayBuild" */;
			compatibilityVersion = "Xcode 9.3";
			developmentRegion = en;
			hasScannedForEncodings = 0;
			knownRegions = (
				en,
				Base,
			);
			mainGroup = A5D944D127AA1AF00008BCA6;
			productRefGroup = A5D944DB27AA1AF00008BCA6 /* Products */;
			projectDirPath = "";
			projectRoot = "";
			targets = (
				A5D944D927AA1AF00008BCA6 /* youtube-oneDayBuild */,
			);
		};
/* End PBXProject section */

/* Begin PBXResourcesBuildPhase section */
		A5D944D827AA1AF00008BCA6 /* Resources */ = {
			isa = PBXResourcesBuildPhase;
			buildActionMask = 2147483647;
			files = (
				A5D944EA27AA1AF40008BCA6 /* LaunchScreen.storyboard in Resources */,
				A5D944E727AA1AF40008BCA6 /* Assets.xcassets in Resources */,
				A5D944E527AA1AF00008BCA6 /* Main.storyboard in Resources */,
			);
			runOnlyForDeploymentPostprocessing = 0;
		};
/* End PBXResourcesBuildPhase section */

/* Begin PBXSourcesBuildPhase section */
		A5D944D627AA1AF00008BCA6 /* Sources */ = {
			isa = PBXSourcesBuildPhase;
			buildActionMask = 2147483647;
			files = (
				A5D944E227AA1AF00008BCA6 /* ViewController.swift in Sources */,
				A56904F127CEEE0F0018E55B /* CacheManager.swift in Sources */,
				A571917B27B35B640013EAE1 /* model.swift in Sources */,
				A5D944DE27AA1AF00008BCA6 /* AppDelegate.swift in Sources */,
				A5D944E027AA1AF00008BCA6 /* SceneDelegate.swift in Sources */,
				A571917527B352C50013EAE1 /* constants.swift in Sources */,
				A56904E727CEE0FA0018E55B /* VideoTableViewCell.swift in Sources */,
				A5694DA727D04169002C94B8 /* DetailViewController.swift in Sources */,
				A55CDE0927C884FD00AAE5A6 /* Response.swift in Sources */,
				A571917827B35AD50013EAE1 /* video.swift in Sources */,
			);
			runOnlyForDeploymentPostprocessing = 0;
		};
/* End PBXSourcesBuildPhase section */

/* Begin PBXVariantGroup section */
		A5D944E327AA1AF00008BCA6 /* Main.storyboard */ = {
			isa = PBXVariantGroup;
			children = (
				A5D944E427AA1AF00008BCA6 /* Base */,
			);
			name = Main.storyboard;
			sourceTree = "<group>";
		};
		A5D944E827AA1AF40008BCA6 /* LaunchScreen.storyboard */ = {
			isa = PBXVariantGroup;
			children = (
				A5D944E927AA1AF40008BCA6 /* Base */,
			);
			name = LaunchScreen.storyboard;
			sourceTree = "<group>";
		};
/* End PBXVariantGroup section */

/* Begin XCBuildConfiguration section */
		A5D944EC27AA1AF40008BCA6 /* Debug */ = {
			isa = XCBuildConfiguration;
			buildSettings = {
				ALWAYS_SEARCH_USER_PATHS = NO;
				CLANG_ANALYZER_NONNULL = YES;
				CLANG_ANALYZER_NUMBER_OBJECT_CONVERSION = YES_AGGRESSIVE;
				CLANG_CXX_LANGUAGE_STANDARD = "gnu++14";
				CLANG_CXX_LIBRARY = "libc++";
				CLANG_ENABLE_MODULES = YES;
				CLANG_ENABLE_OBJC_ARC = YES;
				CLANG_ENABLE_OBJC_WEAK = YES;
				CLANG_WARN_BLOCK_CAPTURE_AUTORELEASING = YES;
				CLANG_WARN_BOOL_CONVERSION = YES;
				CLANG_WARN_COMMA = YES;
				CLANG_WARN_CONSTANT_CONVERSION = YES;
				CLANG_WARN_DEPRECATED_OBJC_IMPLEMENTATIONS = YES;
				CLANG_WARN_DIRECT_OBJC_ISA_USAGE = YES_ERROR;
				CLANG_WARN_DOCUMENTATION_COMMENTS = YES;
				CLANG_WARN_EMPTY_BODY = YES;
				CLANG_WARN_ENUM_CONVERSION = YES;
				CLANG_WARN_INFINITE_RECURSION = YES;
				CLANG_WARN_INT_CONVERSION = YES;
				CLANG_WARN_NON_LITERAL_NULL_CONVERSION = YES;
				CLANG_WARN_OBJC_IMPLICIT_RETAIN_SELF = YES;
				CLANG_WARN_OBJC_LITERAL_CONVERSION = YES;
				CLANG_WARN_OBJC_ROOT_CLASS = YES_ERROR;
				CLANG_WARN_QUOTED_INCLUDE_IN_FRAMEWORK_HEADER = YES;
				CLANG_WARN_RANGE_LOOP_ANALYSIS = YES;
				CLANG_WARN_STRICT_PROTOTYPES = YES;
				CLANG_WARN_SUSPICIOUS_MOVE = YES;
				CLANG_WARN_UNGUARDED_AVAILABILITY = YES_AGGRESSIVE;
				CLANG_WARN_UNREACHABLE_CODE = YES;
				CLANG_WARN__DUPLICATE_METHOD_MATCH = YES;
				COPY_PHASE_STRIP = NO;
				DEBUG_INFORMATION_FORMAT = dwarf;
				ENABLE_STRICT_OBJC_MSGSEND = YES;
				ENABLE_TESTABILITY = YES;
				GCC_C_LANGUAGE_STANDARD = gnu11;
				GCC_DYNAMIC_NO_PIC = NO;
				GCC_NO_COMMON_BLOCKS = YES;
				GCC_OPTIMIZATION_LEVEL = 0;
				GCC_PREPROCESSOR_DEFINITIONS = (
					"DEBUG=1",
					"$(inherited)",
				);
				GCC_WARN_64_TO_32_BIT_CONVERSION = YES;
				GCC_WARN_ABOUT_RETURN_TYPE = YES_ERROR;
				GCC_WARN_UNDECLARED_SELECTOR = YES;
				GCC_WARN_UNINITIALIZED_AUTOS = YES_AGGRESSIVE;
				GCC_WARN_UNUSED_FUNCTION = YES;
				GCC_WARN_UNUSED_VARIABLE = YES;
				IPHONEOS_DEPLOYMENT_TARGET = 14.0;
				MTL_ENABLE_DEBUG_INFO = INCLUDE_SOURCE;
				MTL_FAST_MATH = YES;
				ONLY_ACTIVE_ARCH = YES;
				SDKROOT = iphoneos;
				SWIFT_ACTIVE_COMPILATION_CONDITIONS = DEBUG;
				SWIFT_OPTIMIZATION_LEVEL = "-Onone";
			};
			name = Debug;
		};
		A5D944ED27AA1AF40008BCA6 /* Release */ = {
			isa = XCBuildConfiguration;
			buildSettings = {
				ALWAYS_SEARCH_USER_PATHS = NO;
				CLANG_ANALYZER_NONNULL = YES;
				CLANG_ANALYZER_NUMBER_OBJECT_CONVERSION = YES_AGGRESSIVE;
				CLANG_CXX_LANGUAGE_STANDARD = "gnu++14";
				CLANG_CXX_LIBRARY = "libc++";
				CLANG_ENABLE_MODULES = YES;
				CLANG_ENABLE_OBJC_ARC = YES;
				CLANG_ENABLE_OBJC_WEAK = YES;
				CLANG_WARN_BLOCK_CAPTURE_AUTORELEASING = YES;
				CLANG_WARN_BOOL_CONVERSION = YES;
				CLANG_WARN_COMMA = YES;
				CLANG_WARN_CONSTANT_CONVERSION = YES;
				CLANG_WARN_DEPRECATED_OBJC_IMPLEMENTATIONS = YES;
				CLANG_WARN_DIRECT_OBJC_ISA_USAGE = YES_ERROR;
				CLANG_WARN_DOCUMENTATION_COMMENTS = YES;
				CLANG_WARN_EMPTY_BODY = YES;
				CLANG_WARN_ENUM_CONVERSION = YES;
				CLANG_WARN_INFINITE_RECURSION = YES;
				CLANG_WARN_INT_CONVERSION = YES;
				CLANG_WARN_NON_LITERAL_NULL_CONVERSION = YES;
				CLANG_WARN_OBJC_IMPLICIT_RETAIN_SELF = YES;
				CLANG_WARN_OBJC_LITERAL_CONVERSION = YES;
				CLANG_WARN_OBJC_ROOT_CLASS = YES_ERROR;
				CLANG_WARN_QUOTED_INCLUDE_IN_FRAMEWORK_HEADER = YES;
				CLANG_WARN_RANGE_LOOP_ANALYSIS = YES;
				CLANG_WARN_STRICT_PROTOTYPES = YES;
				CLANG_WARN_SUSPICIOUS_MOVE = YES;
				CLANG_WARN_UNGUARDED_AVAILABILITY = YES_AGGRESSIVE;
				CLANG_WARN_UNREACHABLE_CODE = YES;
				CLANG_WARN__DUPLICATE_METHOD_MATCH = YES;
				COPY_PHASE_STRIP = NO;
				DEBUG_INFORMATION_FORMAT = "dwarf-with-dsym";
				ENABLE_NS_ASSERTIONS = NO;
				ENABLE_STRICT_OBJC_MSGSEND = YES;
				GCC_C_LANGUAGE_STANDARD = gnu11;
				GCC_NO_COMMON_BLOCKS = YES;
				GCC_WARN_64_TO_32_BIT_CONVERSION = YES;
				GCC_WARN_ABOUT_RETURN_TYPE = YES_ERROR;
				GCC_WARN_UNDECLARED_SELECTOR = YES;
				GCC_WARN_UNINITIALIZED_AUTOS = YES_AGGRESSIVE;
				GCC_WARN_UNUSED_FUNCTION = YES;
				GCC_WARN_UNUSED_VARIABLE = YES;
				IPHONEOS_DEPLOYMENT_TARGET = 14.0;
				MTL_ENABLE_DEBUG_INFO = NO;
				MTL_FAST_MATH = YES;
				SDKROOT = iphoneos;
				SWIFT_COMPILATION_MODE = wholemodule;
				SWIFT_OPTIMIZATION_LEVEL = "-O";
				VALIDATE_PRODUCT = YES;
			};
			name = Release;
		};
		A5D944EF27AA1AF40008BCA6 /* Debug */ = {
			isa = XCBuildConfiguration;
			buildSettings = {
				ASSETCATALOG_COMPILER_APPICON_NAME = AppIcon;
				ASSETCATALOG_COMPILER_GLOBAL_ACCENT_COLOR_NAME = AccentColor;
				CODE_SIGN_STYLE = Automatic;
				DEVELOPMENT_TEAM = 645UX58X3D;
				INFOPLIST_FILE = "youtube-oneDayBuild/Info.plist";
				LD_RUNPATH_SEARCH_PATHS = (
					"$(inherited)",
					"@executable_path/Frameworks",
				);
				PRODUCT_BUNDLE_IDENTIFIER = "com.wilmer-mendoza.youtube-oneDayBuild";
				PRODUCT_NAME = "$(TARGET_NAME)";
				SWIFT_VERSION = 5.0;
				SYSTEM_FRAMEWORK_SEARCH_PATHS = (
					"$(inherited)",
					"$(SDKROOT)$(SYSTEM_LIBRARY_DIR)/PrivateFrameworks",
				);
				TARGETED_DEVICE_FAMILY = "1,2";
			};
			name = Debug;
		};
		A5D944F027AA1AF40008BCA6 /* Release */ = {
			isa = XCBuildConfiguration;
			buildSettings = {
				ASSETCATALOG_COMPILER_APPICON_NAME = AppIcon;
				ASSETCATALOG_COMPILER_GLOBAL_ACCENT_COLOR_NAME = AccentColor;
				CODE_SIGN_STYLE = Automatic;
				DEVELOPMENT_TEAM = 645UX58X3D;
				INFOPLIST_FILE = "youtube-oneDayBuild/Info.plist";
				LD_RUNPATH_SEARCH_PATHS = (
					"$(inherited)",
					"@executable_path/Frameworks",
				);
				PRODUCT_BUNDLE_IDENTIFIER = "com.wilmer-mendoza.youtube-oneDayBuild";
				PRODUCT_NAME = "$(TARGET_NAME)";
				SWIFT_VERSION = 5.0;
				SYSTEM_FRAMEWORK_SEARCH_PATHS = (
					"$(inherited)",
					"$(SDKROOT)$(SYSTEM_LIBRARY_DIR)/PrivateFrameworks",
				);
				TARGETED_DEVICE_FAMILY = "1,2";
			};
			name = Release;
		};
/* End XCBuildConfiguration section */

/* Begin XCConfigurationList section */
		A5D944D527AA1AF00008BCA6 /* Build configuration list for PBXProject "youtube-oneDayBuild" */ = {
			isa = XCConfigurationList;
			buildConfigurations = (
				A5D944EC27AA1AF40008BCA6 /* Debug */,
				A5D944ED27AA1AF40008BCA6 /* Release */,
			);
			defaultConfigurationIsVisible = 0;
			defaultConfigurationName = Release;
		};
		A5D944EE27AA1AF40008BCA6 /* Build configuration list for PBXNativeTarget "youtube-oneDayBuild" */ = {
			isa = XCConfigurationList;
			buildConfigurations = (
				A5D944EF27AA1AF40008BCA6 /* Debug */,
				A5D944F027AA1AF40008BCA6 /* Release */,
			);
			defaultConfigurationIsVisible = 0;
			defaultConfigurationName = Release;
		};
/* End XCConfigurationList section */
	};
	rootObject = A5D944D227AA1AF00008BCA6 /* Project object */;
}
